// !$*UTF8*$!
{
	archiveVersion = 1;
	classes = {
	};
	objectVersion = 55;
	objects = {

/* Begin PBXBuildFile section */
		711FCDE22777974E00DF86FA /* AppDelegate.swift in Sources */ = {isa = PBXBuildFile; fileRef = 711FCDE12777974E00DF86FA /* AppDelegate.swift */; };
		711FCDE42777974E00DF86FA /* SceneDelegate.swift in Sources */ = {isa = PBXBuildFile; fileRef = 711FCDE32777974E00DF86FA /* SceneDelegate.swift */; };
		711FCDE62777974E00DF86FA /* ViewController.swift in Sources */ = {isa = PBXBuildFile; fileRef = 711FCDE52777974E00DF86FA /* ViewController.swift */; };
		711FCDE92777974E00DF86FA /* Main.storyboard in Resources */ = {isa = PBXBuildFile; fileRef = 711FCDE72777974E00DF86FA /* Main.storyboard */; };
		711FCDEB2777974E00DF86FA /* Assets.xcassets in Resources */ = {isa = PBXBuildFile; fileRef = 711FCDEA2777974E00DF86FA /* Assets.xcassets */; };
		711FCDEE2777974E00DF86FA /* LaunchScreen.storyboard in Resources */ = {isa = PBXBuildFile; fileRef = 711FCDEC2777974E00DF86FA /* LaunchScreen.storyboard */; };
		711FCDF6277797D600DF86FA /* UIRotaryControl.swift in Sources */ = {isa = PBXBuildFile; fileRef = 711FCDF5277797D600DF86FA /* UIRotaryControl.swift */; };
		711FCDFA2777B31B00DF86FA /* bg_big.png in Resources */ = {isa = PBXBuildFile; fileRef = 711FCDF82777B31B00DF86FA /* bg_big.png */; };
		71FF6DE92778C7770047F48A /* bg_normal.png in Resources */ = {isa = PBXBuildFile; fileRef = 71FF6DE72778C7770047F48A /* bg_normal.png */; };
		71FF6DEA2778C7770047F48A /* bg_bigger.png in Resources */ = {isa = PBXBuildFile; fileRef = 71FF6DE82778C7770047F48A /* bg_bigger.png */; };
/* End PBXBuildFile section */

/* Begin PBXFileReference section */
		711FCDDE2777974E00DF86FA /* UIRotaryControl.app */ = {isa = PBXFileReference; explicitFileType = wrapper.application; includeInIndex = 0; path = UIRotaryControl.app; sourceTree = BUILT_PRODUCTS_DIR; };
		711FCDE12777974E00DF86FA /* AppDelegate.swift */ = {isa = PBXFileReference; lastKnownFileType = sourcecode.swift; path = AppDelegate.swift; sourceTree = "<group>"; };
		711FCDE32777974E00DF86FA /* SceneDelegate.swift */ = {isa = PBXFileReference; lastKnownFileType = sourcecode.swift; path = SceneDelegate.swift; sourceTree = "<group>"; };
		711FCDE52777974E00DF86FA /* ViewController.swift */ = {isa = PBXFileReference; lastKnownFileType = sourcecode.swift; path = ViewController.swift; sourceTree = "<group>"; };
		711FCDE82777974E00DF86FA /* Base */ = {isa = PBXFileReference; lastKnownFileType = file.storyboard; name = Base; path = Base.lproj/Main.storyboard; sourceTree = "<group>"; };
		711FCDEA2777974E00DF86FA /* Assets.xcassets */ = {isa = PBXFileReference; lastKnownFileType = folder.assetcatalog; path = Assets.xcassets; sourceTree = "<group>"; };
		711FCDED2777974E00DF86FA /* Base */ = {isa = PBXFileReference; lastKnownFileType = file.storyboard; name = Base; path = Base.lproj/LaunchScreen.storyboard; sourceTree = "<group>"; };
		711FCDEF2777974E00DF86FA /* Info.plist */ = {isa = PBXFileReference; lastKnownFileType = text.plist.xml; path = Info.plist; sourceTree = "<group>"; };
		711FCDF5277797D600DF86FA /* UIRotaryControl.swift */ = {isa = PBXFileReference; lastKnownFileType = sourcecode.swift; path = UIRotaryControl.swift; sourceTree = "<group>"; };
		711FCDF82777B31B00DF86FA /* bg_big.png */ = {isa = PBXFileReference; lastKnownFileType = image.png; path = bg_big.png; sourceTree = "<group>"; };
		71922EB72787712C008CB1BE /* UIRotaryControl.entitlements */ = {isa = PBXFileReference; lastKnownFileType = text.plist.entitlements; path = UIRotaryControl.entitlements; sourceTree = "<group>"; };
		71FF6DE72778C7770047F48A /* bg_normal.png */ = {isa = PBXFileReference; lastKnownFileType = image.png; path = bg_normal.png; sourceTree = "<group>"; };
		71FF6DE82778C7770047F48A /* bg_bigger.png */ = {isa = PBXFileReference; lastKnownFileType = image.png; path = bg_bigger.png; sourceTree = "<group>"; };
/* End PBXFileReference section */

/* Begin PBXFrameworksBuildPhase section */
		711FCDDB2777974E00DF86FA /* Frameworks */ = {
			isa = PBXFrameworksBuildPhase;
			buildActionMask = 2147483647;
			files = (
			);
			runOnlyForDeploymentPostprocessing = 0;
		};
/* End PBXFrameworksBuildPhase section */

/* Begin PBXGroup section */
		711FCDD52777974E00DF86FA = {
			isa = PBXGroup;
			children = (
				711FCDF82777B31B00DF86FA /* bg_big.png */,
				71FF6DE82778C7770047F48A /* bg_bigger.png */,
				71FF6DE72778C7770047F48A /* bg_normal.png */,
				711FCDE02777974E00DF86FA /* UIRotaryControl */,
				711FCDDF2777974E00DF86FA /* Products */,
			);
			sourceTree = "<group>";
		};
		711FCDDF2777974E00DF86FA /* Products */ = {
			isa = PBXGroup;
			children = (
				711FCDDE2777974E00DF86FA /* UIRotaryControl.app */,
			);
			name = Products;
			sourceTree = "<group>";
		};
		711FCDE02777974E00DF86FA /* UIRotaryControl */ = {
			isa = PBXGroup;
			children = (
				71922EB72787712C008CB1BE /* UIRotaryControl.entitlements */,
				711FCDE12777974E00DF86FA /* AppDelegate.swift */,
				711FCDE32777974E00DF86FA /* SceneDelegate.swift */,
				711FCDE52777974E00DF86FA /* ViewController.swift */,
				711FCDF5277797D600DF86FA /* UIRotaryControl.swift */,
				711FCDE72777974E00DF86FA /* Main.storyboard */,
				711FCDEA2777974E00DF86FA /* Assets.xcassets */,
				711FCDEC2777974E00DF86FA /* LaunchScreen.storyboard */,
				711FCDEF2777974E00DF86FA /* Info.plist */,
			);
			path = UIRotaryControl;
			sourceTree = "<group>";
		};
/* End PBXGroup section */

/* Begin PBXNativeTarget section */
		711FCDDD2777974E00DF86FA /* UIRotaryControl */ = {
			isa = PBXNativeTarget;
			buildConfigurationList = 711FCDF22777974E00DF86FA /* Build configuration list for PBXNativeTarget "UIRotaryControl" */;
			buildPhases = (
				711FCDDA2777974E00DF86FA /* Sources */,
				711FCDDB2777974E00DF86FA /* Frameworks */,
				711FCDDC2777974E00DF86FA /* Resources */,
			);
			buildRules = (
			);
			dependencies = (
			);
			name = UIRotaryControl;
			productName = UIRotaryControl;
			productReference = 711FCDDE2777974E00DF86FA /* UIRotaryControl.app */;
			productType = "com.apple.product-type.application";
		};
/* End PBXNativeTarget section */

/* Begin PBXProject section */
		711FCDD62777974E00DF86FA /* Project object */ = {
			isa = PBXProject;
			attributes = {
				BuildIndependentTargetsInParallel = 1;
				LastSwiftUpdateCheck = 1320;
				LastUpgradeCheck = 1320;
				TargetAttributes = {
					711FCDDD2777974E00DF86FA = {
						CreatedOnToolsVersion = 13.2.1;
					};
				};
			};
			buildConfigurationList = 711FCDD92777974E00DF86FA /* Build configuration list for PBXProject "UIRotaryControl" */;
			compatibilityVersion = "Xcode 13.0";
			developmentRegion = en;
			hasScannedForEncodings = 0;
			knownRegions = (
				en,
				Base,
			);
			mainGroup = 711FCDD52777974E00DF86FA;
			productRefGroup = 711FCDDF2777974E00DF86FA /* Products */;
			projectDirPath = "";
			projectRoot = "";
			targets = (
				711FCDDD2777974E00DF86FA /* UIRotaryControl */,
			);
		};
/* End PBXProject section */

/* Begin PBXResourcesBuildPhase section */
		711FCDDC2777974E00DF86FA /* Resources */ = {
			isa = PBXResourcesBuildPhase;
			buildActionMask = 2147483647;
			files = (
				711FCDEE2777974E00DF86FA /* LaunchScreen.storyboard in Resources */,
				711FCDFA2777B31B00DF86FA /* bg_big.png in Resources */,
				71FF6DE92778C7770047F48A /* bg_normal.png in Resources */,
				711FCDEB2777974E00DF86FA /* Assets.xcassets in Resources */,
				711FCDE92777974E00DF86FA /* Main.storyboard in Resources */,
				71FF6DEA2778C7770047F48A /* bg_bigger.png in Resources */,
			);
			runOnlyForDeploymentPostprocessing = 0;
		};
/* End PBXResourcesBuildPhase section */

/* Begin PBXSourcesBuildPhase section */
		711FCDDA2777974E00DF86FA /* Sources */ = {
			isa = PBXSourcesBuildPhase;
			buildActionMask = 2147483647;
			files = (
				711FCDF6277797D600DF86FA /* UIRotaryControl.swift in Sources */,
				711FCDE62777974E00DF86FA /* ViewController.swift in Sources */,
				711FCDE22777974E00DF86FA /* AppDelegate.swift in Sources */,
				711FCDE42777974E00DF86FA /* SceneDelegate.swift in Sources */,
			);
			runOnlyForDeploymentPostprocessing = 0;
		};
/* End PBXSourcesBuildPhase section */

/* Begin PBXVariantGroup section */
		711FCDE72777974E00DF86FA /* Main.storyboard */ = {
			isa = PBXVariantGroup;
			children = (
				711FCDE82777974E00DF86FA /* Base */,
			);
			name = Main.storyboard;
			sourceTree = "<group>";
		};
		711FCDEC2777974E00DF86FA /* LaunchScreen.storyboard */ = {
			isa = PBXVariantGroup;
			children = (
				711FCDED2777974E00DF86FA /* Base */,
			);
			name = LaunchScreen.storyboard;
			sourceTree = "<group>";
		};
/* End PBXVariantGroup section */

/* Begin XCBuildConfiguration section */
		711FCDF02777974E00DF86FA /* Debug */ = {
			isa = XCBuildConfiguration;
			buildSettings = {
				ALWAYS_SEARCH_USER_PATHS = NO;
				CLANG_ANALYZER_NONNULL = YES;
				CLANG_ANALYZER_NUMBER_OBJECT_CONVERSION = YES_AGGRESSIVE;
				CLANG_CXX_LANGUAGE_STANDARD = "gnu++17";
				CLANG_CXX_LIBRARY = "libc++";
				CLANG_ENABLE_MODULES = YES;
				CLANG_ENABLE_OBJC_ARC = YES;
				CLANG_ENABLE_OBJC_WEAK = YES;
				CLANG_WARN_BLOCK_CAPTURE_AUTORELEASING = YES;
				CLANG_WARN_BOOL_CONVERSION = YES;
				CLANG_WARN_COMMA = YES;
				CLANG_WARN_CONSTANT_CONVERSION = YES;
				CLANG_WARN_DEPRECATED_OBJC_IMPLEMENTATIONS = YES;
				CLANG_WARN_DIRECT_OBJC_ISA_USAGE = YES_ERROR;
				CLANG_WARN_DOCUMENTATION_COMMENTS = YES;
				CLANG_WARN_EMPTY_BODY = YES;
				CLANG_WARN_ENUM_CONVERSION = YES;
				CLANG_WARN_INFINITE_RECURSION = YES;
				CLANG_WARN_INT_CONVERSION = YES;
				CLANG_WARN_NON_LITERAL_NULL_CONVERSION = YES;
				CLANG_WARN_OBJC_IMPLICIT_RETAIN_SELF = YES;
				CLANG_WARN_OBJC_LITERAL_CONVERSION = YES;
				CLANG_WARN_OBJC_ROOT_CLASS = YES_ERROR;
				CLANG_WARN_QUOTED_INCLUDE_IN_FRAMEWORK_HEADER = YES;
				CLANG_WARN_RANGE_LOOP_ANALYSIS = YES;
				CLANG_WARN_STRICT_PROTOTYPES = YES;
				CLANG_WARN_SUSPICIOUS_MOVE = YES;
				CLANG_WARN_UNGUARDED_AVAILABILITY = YES_AGGRESSIVE;
				CLANG_WARN_UNREACHABLE_CODE = YES;
				CLANG_WARN__DUPLICATE_METHOD_MATCH = YES;
				COPY_PHASE_STRIP = NO;
				DEBUG_INFORMATION_FORMAT = dwarf;
				ENABLE_STRICT_OBJC_MSGSEND = YES;
				ENABLE_TESTABILITY = YES;
				GCC_C_LANGUAGE_STANDARD = gnu11;
				GCC_DYNAMIC_NO_PIC = NO;
				GCC_NO_COMMON_BLOCKS = YES;
				GCC_OPTIMIZATION_LEVEL = 0;
				GCC_PREPROCESSOR_DEFINITIONS = (
					"DEBUG=1",
					"$(inherited)",
				);
				GCC_WARN_64_TO_32_BIT_CONVERSION = YES;
				GCC_WARN_ABOUT_RETURN_TYPE = YES_ERROR;
				GCC_WARN_UNDECLARED_SELECTOR = YES;
				GCC_WARN_UNINITIALIZED_AUTOS = YES_AGGRESSIVE;
				GCC_WARN_UNUSED_FUNCTION = YES;
				GCC_WARN_UNUSED_VARIABLE = YES;
				IPHONEOS_DEPLOYMENT_TARGET = 13.0;
				MTL_ENABLE_DEBUG_INFO = INCLUDE_SOURCE;
				MTL_FAST_MATH = YES;
				ONLY_ACTIVE_ARCH = YES;
				SDKROOT = iphoneos;
				SWIFT_ACTIVE_COMPILATION_CONDITIONS = DEBUG;
				SWIFT_OPTIMIZATION_LEVEL = "-Onone";
			};
			name = Debug;
		};
		711FCDF12777974E00DF86FA /* Release */ = {
			isa = XCBuildConfiguration;
			buildSettings = {
				ALWAYS_SEARCH_USER_PATHS = NO;
				CLANG_ANALYZER_NONNULL = YES;
				CLANG_ANALYZER_NUMBER_OBJECT_CONVERSION = YES_AGGRESSIVE;
				CLANG_CXX_LANGUAGE_STANDARD = "gnu++17";
				CLANG_CXX_LIBRARY = "libc++";
				CLANG_ENABLE_MODULES = YES;
				CLANG_ENABLE_OBJC_ARC = YES;
				CLANG_ENABLE_OBJC_WEAK = YES;
				CLANG_WARN_BLOCK_CAPTURE_AUTORELEASING = YES;
				CLANG_WARN_BOOL_CONVERSION = YES;
				CLANG_WARN_COMMA = YES;
				CLANG_WARN_CONSTANT_CONVERSION = YES;
				CLANG_WARN_DEPRECATED_OBJC_IMPLEMENTATIONS = YES;
				CLANG_WARN_DIRECT_OBJC_ISA_USAGE = YES_ERROR;
				CLANG_WARN_DOCUMENTATION_COMMENTS = YES;
				CLANG_WARN_EMPTY_BODY = YES;
				CLANG_WARN_ENUM_CONVERSION = YES;
				CLANG_WARN_INFINITE_RECURSION = YES;
				CLANG_WARN_INT_CONVERSION = YES;
				CLANG_WARN_NON_LITERAL_NULL_CONVERSION = YES;
				CLANG_WARN_OBJC_IMPLICIT_RETAIN_SELF = YES;
				CLANG_WARN_OBJC_LITERAL_CONVERSION = YES;
				CLANG_WARN_OBJC_ROOT_CLASS = YES_ERROR;
				CLANG_WARN_QUOTED_INCLUDE_IN_FRAMEWORK_HEADER = YES;
				CLANG_WARN_RANGE_LOOP_ANALYSIS = YES;
				CLANG_WARN_STRICT_PROTOTYPES = YES;
				CLANG_WARN_SUSPICIOUS_MOVE = YES;
				CLANG_WARN_UNGUARDED_AVAILABILITY = YES_AGGRESSIVE;
				CLANG_WARN_UNREACHABLE_CODE = YES;
				CLANG_WARN__DUPLICATE_METHOD_MATCH = YES;
				COPY_PHASE_STRIP = NO;
				DEBUG_INFORMATION_FORMAT = "dwarf-with-dsym";
				ENABLE_NS_ASSERTIONS = NO;
				ENABLE_STRICT_OBJC_MSGSEND = YES;
				GCC_C_LANGUAGE_STANDARD = gnu11;
				GCC_NO_COMMON_BLOCKS = YES;
				GCC_WARN_64_TO_32_BIT_CONVERSION = YES;
				GCC_WARN_ABOUT_RETURN_TYPE = YES_ERROR;
				GCC_WARN_UNDECLARED_SELECTOR = YES;
				GCC_WARN_UNINITIALIZED_AUTOS = YES_AGGRESSIVE;
				GCC_WARN_UNUSED_FUNCTION = YES;
				GCC_WARN_UNUSED_VARIABLE = YES;
				IPHONEOS_DEPLOYMENT_TARGET = 13.0;
				MTL_ENABLE_DEBUG_INFO = NO;
				MTL_FAST_MATH = YES;
				SDKROOT = iphoneos;
				SWIFT_COMPILATION_MODE = wholemodule;
				SWIFT_OPTIMIZATION_LEVEL = "-O";
				VALIDATE_PRODUCT = YES;
			};
			name = Release;
		};
		711FCDF32777974E00DF86FA /* Debug */ = {
			isa = XCBuildConfiguration;
			buildSettings = {
				ASSETCATALOG_COMPILER_APPICON_NAME = AppIcon;
				ASSETCATALOG_COMPILER_GLOBAL_ACCENT_COLOR_NAME = AccentColor;
				CODE_SIGN_ENTITLEMENTS = UIRotaryControl/UIRotaryControl.entitlements;
				CODE_SIGN_STYLE = Automatic;
				CURRENT_PROJECT_VERSION = 1;
				DEVELOPMENT_TEAM = JS6RLW7GU3;
				GENERATE_INFOPLIST_FILE = YES;
				INFOPLIST_FILE = UIRotaryControl/Info.plist;
				INFOPLIST_KEY_UIApplicationSupportsIndirectInputEvents = YES;
				INFOPLIST_KEY_UILaunchStoryboardName = LaunchScreen;
				INFOPLIST_KEY_UIMainStoryboardFile = Main;
				INFOPLIST_KEY_UISupportedInterfaceOrientations_iPad = "UIInterfaceOrientationPortrait UIInterfaceOrientationPortraitUpsideDown UIInterfaceOrientationLandscapeLeft UIInterfaceOrientationLandscapeRight";
				INFOPLIST_KEY_UISupportedInterfaceOrientations_iPhone = "UIInterfaceOrientationPortrait UIInterfaceOrientationLandscapeLeft UIInterfaceOrientationLandscapeRight";
				LD_RUNPATH_SEARCH_PATHS = (
					"$(inherited)",
					"@executable_path/Frameworks",
				);
				MARKETING_VERSION = 1.0;
				PRODUCT_BUNDLE_IDENTIFIER = com.gopikrishnan.rotary.UIRotaryControl;
				PRODUCT_NAME = "$(TARGET_NAME)";
				SUPPORTS_MACCATALYST = YES;
				SWIFT_EMIT_LOC_STRINGS = YES;
				SWIFT_VERSION = 5.0;
				TARGETED_DEVICE_FAMILY = "1,2";
			};
			name = Debug;
		};
		711FCDF42777974E00DF86FA /* Release */ = {
			isa = XCBuildConfiguration;
			buildSettings = {
				ASSETCATALOG_COMPILER_APPICON_NAME = AppIcon;
				ASSETCATALOG_COMPILER_GLOBAL_ACCENT_COLOR_NAME = AccentColor;
				CODE_SIGN_ENTITLEMENTS = UIRotaryControl/UIRotaryControl.entitlements;
				CODE_SIGN_STYLE = Automatic;
				CURRENT_PROJECT_VERSION = 1;
				DEVELOPMENT_TEAM = JS6RLW7GU3;
				GENERATE_INFOPLIST_FILE = YES;
				INFOPLIST_FILE = UIRotaryControl/Info.plist;
				INFOPLIST_KEY_UIApplicationSupportsIndirectInputEvents = YES;
				INFOPLIST_KEY_UILaunchStoryboardName = LaunchScreen;
				INFOPLIST_KEY_UIMainStoryboardFile = Main;
				INFOPLIST_KEY_UISupportedInterfaceOrientations_iPad = "UIInterfaceOrientationPortrait UIInterfaceOrientationPortraitUpsideDown UIInterfaceOrientationLandscapeLeft UIInterfaceOrientationLandscapeRight";
				INFOPLIST_KEY_UISupportedInterfaceOrientations_iPhone = "UIInterfaceOrientationPortrait UIInterfaceOrientationLandscapeLeft UIInterfaceOrientationLandscapeRight";
				LD_RUNPATH_SEARCH_PATHS = (
					"$(inherited)",
					"@executable_path/Frameworks",
				);
				MARKETING_VERSION = 1.0;
				PRODUCT_BUNDLE_IDENTIFIER = com.gopikrishnan.rotary.UIRotaryControl;
				PRODUCT_NAME = "$(TARGET_NAME)";
				SUPPORTS_MACCATALYST = YES;
				SWIFT_EMIT_LOC_STRINGS = YES;
				SWIFT_VERSION = 5.0;
				TARGETED_DEVICE_FAMILY = "1,2";
			};
			name = Release;
		};
/* End XCBuildConfiguration section */

/* Begin XCConfigurationList section */
		711FCDD92777974E00DF86FA /* Build configuration list for PBXProject "UIRotaryControl" */ = {
			isa = XCConfigurationList;
			buildConfigurations = (
				711FCDF02777974E00DF86FA /* Debug */,
				711FCDF12777974E00DF86FA /* Release */,
			);
			defaultConfigurationIsVisible = 0;
			defaultConfigurationName = Release;
		};
		711FCDF22777974E00DF86FA /* Build configuration list for PBXNativeTarget "UIRotaryControl" */ = {
			isa = XCConfigurationList;
			buildConfigurations = (
				711FCDF32777974E00DF86FA /* Debug */,
				711FCDF42777974E00DF86FA /* Release */,
			);
			defaultConfigurationIsVisible = 0;
			defaultConfigurationName = Release;
		};
/* End XCConfigurationList section */
	};
	rootObject = 711FCDD62777974E00DF86FA /* Project object */;
}
